{
  "originHash" : "77f16f0c3ebc9531c76d9125568432997e0eeb92f9190bdd8a75d14465b09a7e",
  "pins" : [
    {
      "identity" : "atprototypes",
      "kind" : "remoteSourceControl",
      "location" : "https://github.com/germ-network/AtprotoTypes.git",
      "state" : {
        "revision" : "537310dd07df81f20f91e28164d3a97b21ad0c20",
        "version" : "0.6.1"
      }
    },
    {
      "identity" : "autonomous-comm-protocol",
      "kind" : "remoteSourceControl",
      "location" : "https://github.com/germ-network/autonomous-comm-protocol.git",
      "state" : {
        "revision" : "3ca940fd943fc99e5e88728d13492ef6d7439640",
        "version" : "1.2.2"
      }
    },
    {
      "identity" : "germconvenience",
      "kind" : "remoteSourceControl",
      "location" : "https://github.com/germ-network/GermConvenience.git",
      "state" : {
        "revision" : "e474915e5ab3f917d5f5496af5fb4814081fb75c",
        "version" : "0.8.0"
      }
    },
    {
      "identity" : "swift-asn1",
      "kind" : "remoteSourceControl",
      "location" : "https://github.com/apple/swift-asn1.git",
      "state" : {
        "revision" : "eb50cbd14606a9161cbc5d452f18797c90ef0bab",
        "version" : "1.7.0"
      }
    },
    {
      "identity" : "swift-bases",
      "kind" : "remoteSourceControl",
      "location" : "https://github.com/swift-libp2p/swift-bases.git",
      "state" : {
        "revision" : "96615d4b582f9f6536d8278304ce2a64c8e5288a",
        "version" : "0.2.0"
      }
    },
    {
      "identity" : "swift-crypto",
      "kind" : "remoteSourceControl",
      "location" : "https://github.com/apple/swift-crypto.git",
      "state" : {
        "revision" : "1b6b2e274e85105bfa155183145a1dcfd63331f1",
        "version" : "4.5.0"
      }
    },
    {
      "identity" : "swift-http-types",
      "kind" : "remoteSourceControl",
      "location" : "https://github.com/apple/swift-http-types.git",
      "state" : {
        "revision" : "45eb0224913ea070ec4fba17291b9e7ecf4749ca",
        "version" : "1.5.1"
      }
    },
    {
      "identity" : "swift-log",
      "kind" : "remoteSourceControl",
      "location" : "https://github.com/apple/swift-log",
      "state" : {
        "revision" : "2aed77ae5ec9a86d8fe42c12275e4c2653a286ee",
        "version" : "1.13.1"
      }
    },
    {
      "identity" : "swift-mls",
      "kind" : "remoteSourceControl",
      "location" : "https://github.com/germ-network/swift-mls.git",
      "state" : {
        "revision" : "590f16192cfbd32eabeb2d41b4d3d68916c967be"
      }
    },
    {
      "identity" : "swift-secret-bytes",
      "kind" : "remoteSourceControl",
      "location" : "https://github.com/germ-network/swift-secret-bytes.git",
      "state" : {
        "revision" : "f10434b708c8685e28db46258c856ba1b66f4312",
        "version" : "0.4.0"
      }
    },
    {
      "identity" : "twomlspq-swift",
      "kind" : "remoteSourceControl",
      "location" : "https://github.com/germ-network/twomlspq-swift.git",
      "state" : {
        "revision" : "01370863c47229c829cd48b006068ab6dcb7279e"
      }
    }
  ],
  "version" : 3
}
